
Microsoft Visual Studio Solution File, Format Version 12.00
# Visual Studio 2012
Project("{FAE04EC0-301F-11D3-BF4B-00C04F79EFBC}") = "artOfUnitTesting", "artOfUnitTesting\artOfUnitTesting.csproj", "{960251BB-326B-4F3C-9309-B3DBBF54E2AF}"
EndProject
Project("{FAE04EC0-301F-11D3-BF4B-00C04F79EFBC}") = "artOfUnitTestingTests", "artOfUnitTestingTests\artOfUnitTestingTests.csproj", "{0191A997-910E-4FDF-993E-1D539FC3FFB6}"
EndProject
Project("{FAE04EC0-301F-11D3-BF4B-00C04F79EFBC}") = "artOfUnitTestingIntegrationTests", "artOfUnitTestingIntegrationTests\artOfUnitTestingIntegrationTests.csproj", "{9041F423-6D8E-49EB-9EA3-5FB9D58B160D}"
EndProject
Project("{FAE04EC0-301F-11D3-BF4B-00C04F79EFBC}") = "CommonTests", "CommonTests\CommonTests.csproj", "{924CAA4D-2E50-4F1B-BDF1-1F776DBEAB2F}"
EndProject
Global
	GlobalSection(SolutionConfigurationPlatforms) = preSolution
		Debug|Any CPU = Debug|Any CPU
		Release|Any CPU = Release|Any CPU
	EndGlobalSection
	GlobalSection(ProjectConfigurationPlatforms) = postSolution
		{960251BB-326B-4F3C-9309-B3DBBF54E2AF}.Debug|Any CPU.ActiveCfg = Debug|Any CPU
		{960251BB-326B-4F3C-9309-B3DBBF54E2AF}.Debug|Any CPU.Build.0 = Debug|Any CPU
		{960251BB-326B-4F3C-9309-B3DBBF54E2AF}.Release|Any CPU.ActiveCfg = Release|Any CPU
		{960251BB-326B-4F3C-9309-B3DBBF54E2AF}.Release|Any CPU.Build.0 = Release|Any CPU
		{0191A997-910E-4FDF-993E-1D539FC3FFB6}.Debug|Any CPU.ActiveCfg = Debug|Any CPU
		{0191A997-910E-4FDF-993E-1D539FC3FFB6}.Debug|Any CPU.Build.0 = Debug|Any CPU
		{0191A997-910E-4FDF-993E-1D539FC3FFB6}.Release|Any CPU.ActiveCfg = Release|Any CPU
		{0191A997-910E-4FDF-993E-1D539FC3FFB6}.Release|Any CPU.Build.0 = Release|Any CPU
		{9041F423-6D8E-49EB-9EA3-5FB9D58B160D}.Debug|Any CPU.ActiveCfg = Debug|Any CPU
		{9041F423-6D8E-49EB-9EA3-5FB9D58B160D}.Debug|Any CPU.Build.0 = Debug|Any CPU
		{9041F423-6D8E-49EB-9EA3-5FB9D58B160D}.Release|Any CPU.ActiveCfg = Release|Any CPU
		{9041F423-6D8E-49EB-9EA3-5FB9D58B160D}.Release|Any CPU.Build.0 = Release|Any CPU
		{924CAA4D-2E50-4F1B-BDF1-1F776DBEAB2F}.Debug|Any CPU.ActiveCfg = Debug|Any CPU
		{924CAA4D-2E50-4F1B-BDF1-1F776DBEAB2F}.Debug|Any CPU.Build.0 = Debug|Any CPU
		{924CAA4D-2E50-4F1B-BDF1-1F776DBEAB2F}.Release|Any CPU.ActiveCfg = Release|Any CPU
		{924CAA4D-2E50-4F1B-BDF1-1F776DBEAB2F}.Release|Any CPU.Build.0 = Release|Any CPU
	EndGlobalSection
	GlobalSection(SolutionProperties) = preSolution
		HideSolutionNode = FALSE
	EndGlobalSection
EndGlobal
